{
  "requires": true,
  "lockfileVersion": 1,
  "dependencies": {
    "react-multi-select-component": {
      "version": "4.2.4",
      "resolved": "https://registry.npmjs.org/react-multi-select-component/-/react-multi-select-component-4.2.4.tgz",
      "integrity": "sha512-HhXV3lLi5k2FCGuVUsM8KoFLPCGhb2JAz3HWS8jg7IY1LKr+5/W54+0w7MlsyjeMS0r+vg4CYnv315dn3B20IA=="
    }
  }
}
