
Microsoft Visual Studio Solution File, Format Version 12.00
# Visual Studio Version 16
VisualStudioVersion = 16.0.32126.315
MinimumVisualStudioVersion = 10.0.40219.1
Project("{9A19103F-16F7-4668-BE54-9A1E7A4F7556}") = "UserService", "UserService\UserService.csproj", "{5486A7EC-86D2-4AEA-8BB4-90715721CB8A}"
EndProject
Project("{FAE04EC0-301F-11D3-BF4B-00C04F79EFBC}") = "BookService", "BookService\BookService.csproj", "{EC236C7B-A5E5-4FF1-85FE-1CDA61514438}"
EndProject
Global
	GlobalSection(SolutionConfigurationPlatforms) = preSolution
		Debug|Any CPU = Debug|Any CPU
		Release|Any CPU = Release|Any CPU
	EndGlobalSection
	GlobalSection(ProjectConfigurationPlatforms) = postSolution
		{5486A7EC-86D2-4AEA-8BB4-90715721CB8A}.Debug|Any CPU.ActiveCfg = Debug|Any CPU
		{5486A7EC-86D2-4AEA-8BB4-90715721CB8A}.Debug|Any CPU.Build.0 = Debug|Any CPU
		{5486A7EC-86D2-4AEA-8BB4-90715721CB8A}.Release|Any CPU.ActiveCfg = Release|Any CPU
		{5486A7EC-86D2-4AEA-8BB4-90715721CB8A}.Release|Any CPU.Build.0 = Release|Any CPU
		{EC236C7B-A5E5-4FF1-85FE-1CDA61514438}.Debug|Any CPU.ActiveCfg = Debug|Any CPU
		{EC236C7B-A5E5-4FF1-85FE-1CDA61514438}.Debug|Any CPU.Build.0 = Debug|Any CPU
		{EC236C7B-A5E5-4FF1-85FE-1CDA61514438}.Release|Any CPU.ActiveCfg = Release|Any CPU
		{EC236C7B-A5E5-4FF1-85FE-1CDA61514438}.Release|Any CPU.Build.0 = Release|Any CPU
	EndGlobalSection
	GlobalSection(SolutionProperties) = preSolution
		HideSolutionNode = FALSE
	EndGlobalSection
	GlobalSection(ExtensibilityGlobals) = postSolution
		SolutionGuid = {20C57345-AE37-443F-B999-221984ABA3E2}
	EndGlobalSection
EndGlobal
